// !$*UTF8*$!
{
	archiveVersion = 1;
	classes = {
	};
	objectVersion = 50;
	objects = {

/* Begin PBXBuildFile section */
		1F1763FE224032380085818C /* AppDelegate.m in Sources */ = {isa = PBXBuildFile; fileRef = 1F1763FD224032380085818C /* AppDelegate.m */; };
		1F176407224032380085818C /* VKSberSchool.xcdatamodeld in Sources */ = {isa = PBXBuildFile; fileRef = 1F176405224032380085818C /* VKSberSchool.xcdatamodeld */; };
		1F1764092240323B0085818C /* Assets.xcassets in Resources */ = {isa = PBXBuildFile; fileRef = 1F1764082240323B0085818C /* Assets.xcassets */; };
		1F17640C2240323B0085818C /* LaunchScreen.storyboard in Resources */ = {isa = PBXBuildFile; fileRef = 1F17640A2240323B0085818C /* LaunchScreen.storyboard */; };
		1F17640F2240323B0085818C /* main.m in Sources */ = {isa = PBXBuildFile; fileRef = 1F17640E2240323B0085818C /* main.m */; };
		1F1764192240323B0085818C /* VKSberSchoolTests.m in Sources */ = {isa = PBXBuildFile; fileRef = 1F1764182240323B0085818C /* VKSberSchoolTests.m */; };
		1F17642C22403E330085818C /* VKSBSwipableView.m in Sources */ = {isa = PBXBuildFile; fileRef = 1F17642B22403E330085818C /* VKSBSwipableView.m */; };
		7EBE7C8B2284E12100E3B421 /* VkSberPhotosRequestService.m in Sources */ = {isa = PBXBuildFile; fileRef = 7EBE7C8A2284E12100E3B421 /* VkSberPhotosRequestService.m */; };
		7EBE7C942285FDEF00E3B421 /* VkSberProfilePresenter.m in Sources */ = {isa = PBXBuildFile; fileRef = 7EBE7C932285FDEF00E3B421 /* VkSberProfilePresenter.m */; };
		7EBE7C972285FE0200E3B421 /* VkSberProfileModel.m in Sources */ = {isa = PBXBuildFile; fileRef = 7EBE7C962285FE0200E3B421 /* VkSberProfileModel.m */; };
		7EBE7C9A22862C4F00E3B421 /* VkSberEmptyLoadingView.m in Sources */ = {isa = PBXBuildFile; fileRef = 7EBE7C9922862C4F00E3B421 /* VkSberEmptyLoadingView.m */; };
		7EBE7C9E22863F7A00E3B421 /* UIImageView+AsyncDownload.m in Sources */ = {isa = PBXBuildFile; fileRef = 7EBE7C9D22863F7A00E3B421 /* UIImageView+AsyncDownload.m */; };
		7EBE7CA322871FE200E3B421 /* VkSberPhotoAlbumViewController.m in Sources */ = {isa = PBXBuildFile; fileRef = 7EBE7CA222871FE200E3B421 /* VkSberPhotoAlbumViewController.m */; };
		7EBE7CA6228721BB00E3B421 /* VkSberAlbumModel.m in Sources */ = {isa = PBXBuildFile; fileRef = 7EBE7CA5228721BB00E3B421 /* VkSberAlbumModel.m */; };
		7EE219AF227A594A00BCDDAB /* AutomaticSwipeOperation.m in Sources */ = {isa = PBXBuildFile; fileRef = 7EE219AE227A594900BCDDAB /* AutomaticSwipeOperation.m */; };
		7EE219B2227A68E000BCDDAB /* CustomView.m in Sources */ = {isa = PBXBuildFile; fileRef = 7EE219B1227A68E000BCDDAB /* CustomView.m */; };
		7EE379282287718B00D9A7EA /* CustomView.xib in Resources */ = {isa = PBXBuildFile; fileRef = 7EE379272287718B00D9A7EA /* CustomView.xib */; };
		7EE3792B22885EA300D9A7EA /* VkSberFriendsRequestService.m in Sources */ = {isa = PBXBuildFile; fileRef = 7EE3792A22885EA300D9A7EA /* VkSberFriendsRequestService.m */; };
		7EE3792E2288753100D9A7EA /* VkSberFriendsModel.m in Sources */ = {isa = PBXBuildFile; fileRef = 7EE3792D2288753100D9A7EA /* VkSberFriendsModel.m */; };
		7EE379312288939300D9A7EA /* VkSberFriendsTableViewCell.m in Sources */ = {isa = PBXBuildFile; fileRef = 7EE379302288939300D9A7EA /* VkSberFriendsTableViewCell.m */; };
		7EE37934228896BA00D9A7EA /* VkSberFriendsPresenter.m in Sources */ = {isa = PBXBuildFile; fileRef = 7EE37933228896BA00D9A7EA /* VkSberFriendsPresenter.m */; };
		7EE379382288A48F00D9A7EA /* VkSberFriendsAssembly.m in Sources */ = {isa = PBXBuildFile; fileRef = 7EE379372288A48F00D9A7EA /* VkSberFriendsAssembly.m */; };
		7EFB95CC22843ACB004E3535 /* VkSberFriendsViewController.m in Sources */ = {isa = PBXBuildFile; fileRef = 7EFB95CB22843ACB004E3535 /* VkSberFriendsViewController.m */; };
		7EFB95D122843AF6004E3535 /* VkSberProfileViewController.m in Sources */ = {isa = PBXBuildFile; fileRef = 7EFB95D022843AF6004E3535 /* VkSberProfileViewController.m */; };
		7EFB95D722843B5D004E3535 /* VkAuthService.m in Sources */ = {isa = PBXBuildFile; fileRef = 7EFB95D622843B5D004E3535 /* VkAuthService.m */; };
		7EFB95DB22843B9C004E3535 /* NSUserDefaultsService.m in Sources */ = {isa = PBXBuildFile; fileRef = 7EFB95DA22843B9C004E3535 /* NSUserDefaultsService.m */; };
		7EFB95DE22843C54004E3535 /* VKSberAuthViewController.m in Sources */ = {isa = PBXBuildFile; fileRef = 7EFB95DD22843C54004E3535 /* VKSberAuthViewController.m */; };
		7EFB95E122843CBC004E3535 /* VkSberUserInfoService.m in Sources */ = {isa = PBXBuildFile; fileRef = 7EFB95E022843CBC004E3535 /* VkSberUserInfoService.m */; };
		7EFB95E522843CF8004E3535 /* NetworkHelper.m in Sources */ = {isa = PBXBuildFile; fileRef = 7EFB95E422843CF8004E3535 /* NetworkHelper.m */; };
		7EFB95E822843D1A004E3535 /* NetworkService.m in Sources */ = {isa = PBXBuildFile; fileRef = 7EFB95E722843D1A004E3535 /* NetworkService.m */; };
		7EFB95EC22843D49004E3535 /* Constant.m in Sources */ = {isa = PBXBuildFile; fileRef = 7EFB95EB22843D49004E3535 /* Constant.m */; };
		7EFB95EF228493F8004E3535 /* VkSberCustomUILabel.m in Sources */ = {isa = PBXBuildFile; fileRef = 7EFB95EE228493F8004E3535 /* VkSberCustomUILabel.m */; };
/* End PBXBuildFile section */

/* Begin PBXContainerItemProxy section */
		1F1764152240323B0085818C /* PBXContainerItemProxy */ = {
			isa = PBXContainerItemProxy;
			containerPortal = 1F1763F1224032380085818C /* Project object */;
			proxyType = 1;
			remoteGlobalIDString = 1F1763F8224032380085818C;
			remoteInfo = VKSberSchool;
		};
/* End PBXContainerItemProxy section */

/* Begin PBXFileReference section */
		1F1763F9224032380085818C /* VKSberSchool.app */ = {isa = PBXFileReference; explicitFileType = wrapper.application; includeInIndex = 0; path = VKSberSchool.app; sourceTree = BUILT_PRODUCTS_DIR; };
		1F1763FC224032380085818C /* AppDelegate.h */ = {isa = PBXFileReference; lastKnownFileType = sourcecode.c.h; path = AppDelegate.h; sourceTree = "<group>"; };
		1F1763FD224032380085818C /* AppDelegate.m */ = {isa = PBXFileReference; lastKnownFileType = sourcecode.c.objc; path = AppDelegate.m; sourceTree = "<group>"; };
		1F176406224032380085818C /* VKSberSchool.xcdatamodel */ = {isa = PBXFileReference; lastKnownFileType = wrapper.xcdatamodel; path = VKSberSchool.xcdatamodel; sourceTree = "<group>"; };
		1F1764082240323B0085818C /* Assets.xcassets */ = {isa = PBXFileReference; lastKnownFileType = folder.assetcatalog; path = Assets.xcassets; sourceTree = "<group>"; };
		1F17640B2240323B0085818C /* Base */ = {isa = PBXFileReference; lastKnownFileType = file.storyboard; name = Base; path = Base.lproj/LaunchScreen.storyboard; sourceTree = "<group>"; };
		1F17640D2240323B0085818C /* Info.plist */ = {isa = PBXFileReference; lastKnownFileType = text.plist.xml; path = Info.plist; sourceTree = "<group>"; };
		1F17640E2240323B0085818C /* main.m */ = {isa = PBXFileReference; lastKnownFileType = sourcecode.c.objc; path = main.m; sourceTree = "<group>"; };
		1F1764142240323B0085818C /* VKSberSchoolTests.xctest */ = {isa = PBXFileReference; explicitFileType = wrapper.cfbundle; includeInIndex = 0; path = VKSberSchoolTests.xctest; sourceTree = BUILT_PRODUCTS_DIR; };
		1F1764182240323B0085818C /* VKSberSchoolTests.m */ = {isa = PBXFileReference; lastKnownFileType = sourcecode.c.objc; path = VKSberSchoolTests.m; sourceTree = "<group>"; };
		1F17641A2240323B0085818C /* Info.plist */ = {isa = PBXFileReference; lastKnownFileType = text.plist.xml; name = Info.plist; path = VKSberSchoolTests/Info.plist; sourceTree = SOURCE_ROOT; };
		1F17642822403C640085818C /* SwipableViewsDataSource.h */ = {isa = PBXFileReference; lastKnownFileType = sourcecode.c.h; path = SwipableViewsDataSource.h; sourceTree = "<group>"; };
		1F17642922403CFA0085818C /* SwipableViewsDelegate.h */ = {isa = PBXFileReference; lastKnownFileType = sourcecode.c.h; path = SwipableViewsDelegate.h; sourceTree = "<group>"; };
		1F17642A22403E330085818C /* VKSBSwipableView.h */ = {isa = PBXFileReference; lastKnownFileType = sourcecode.c.h; path = VKSBSwipableView.h; sourceTree = "<group>"; };
		1F17642B22403E330085818C /* VKSBSwipableView.m */ = {isa = PBXFileReference; lastKnownFileType = sourcecode.c.objc; path = VKSBSwipableView.m; sourceTree = "<group>"; };
		1F17642D22403FBD0085818C /* VKSberSchool-Bridging-Header.h */ = {isa = PBXFileReference; lastKnownFileType = sourcecode.c.h; path = "VKSberSchool-Bridging-Header.h"; sourceTree = "<group>"; };
		7EBE7C892284E12100E3B421 /* VkSberPhotosRequestService.h */ = {isa = PBXFileReference; lastKnownFileType = sourcecode.c.h; path = VkSberPhotosRequestService.h; sourceTree = "<group>"; };
		7EBE7C8A2284E12100E3B421 /* VkSberPhotosRequestService.m */ = {isa = PBXFileReference; lastKnownFileType = sourcecode.c.objc; path = VkSberPhotosRequestService.m; sourceTree = "<group>"; };
		7EBE7C922285FDEF00E3B421 /* VkSberProfilePresenter.h */ = {isa = PBXFileReference; lastKnownFileType = sourcecode.c.h; path = VkSberProfilePresenter.h; sourceTree = "<group>"; };
		7EBE7C932285FDEF00E3B421 /* VkSberProfilePresenter.m */ = {isa = PBXFileReference; lastKnownFileType = sourcecode.c.objc; path = VkSberProfilePresenter.m; sourceTree = "<group>"; };
		7EBE7C952285FE0200E3B421 /* VkSberProfileModel.h */ = {isa = PBXFileReference; lastKnownFileType = sourcecode.c.h; path = VkSberProfileModel.h; sourceTree = "<group>"; };
		7EBE7C962285FE0200E3B421 /* VkSberProfileModel.m */ = {isa = PBXFileReference; lastKnownFileType = sourcecode.c.objc; path = VkSberProfileModel.m; sourceTree = "<group>"; };
		7EBE7C9822862C4F00E3B421 /* VkSberEmptyLoadingView.h */ = {isa = PBXFileReference; lastKnownFileType = sourcecode.c.h; path = VkSberEmptyLoadingView.h; sourceTree = "<group>"; };
		7EBE7C9922862C4F00E3B421 /* VkSberEmptyLoadingView.m */ = {isa = PBXFileReference; lastKnownFileType = sourcecode.c.objc; path = VkSberEmptyLoadingView.m; sourceTree = "<group>"; };
		7EBE7C9B228630C300E3B421 /* VkSberProfilePresenterProtocol.h */ = {isa = PBXFileReference; lastKnownFileType = sourcecode.c.h; path = VkSberProfilePresenterProtocol.h; sourceTree = "<group>"; };
		7EBE7C9C22863F7A00E3B421 /* UIImageView+AsyncDownload.h */ = {isa = PBXFileReference; lastKnownFileType = sourcecode.c.h; path = "UIImageView+AsyncDownload.h"; sourceTree = "<group>"; };
		7EBE7C9D22863F7A00E3B421 /* UIImageView+AsyncDownload.m */ = {isa = PBXFileReference; lastKnownFileType = sourcecode.c.objc; path = "UIImageView+AsyncDownload.m"; sourceTree = "<group>"; };
		7EBE7CA122871FE200E3B421 /* VkSberPhotoAlbumViewController.h */ = {isa = PBXFileReference; lastKnownFileType = sourcecode.c.h; path = VkSberPhotoAlbumViewController.h; sourceTree = "<group>"; };
		7EBE7CA222871FE200E3B421 /* VkSberPhotoAlbumViewController.m */ = {isa = PBXFileReference; lastKnownFileType = sourcecode.c.objc; path = VkSberPhotoAlbumViewController.m; sourceTree = "<group>"; };
		7EBE7CA4228721BB00E3B421 /* VkSberAlbumModel.h */ = {isa = PBXFileReference; lastKnownFileType = sourcecode.c.h; path = VkSberAlbumModel.h; sourceTree = "<group>"; };
		7EBE7CA5228721BB00E3B421 /* VkSberAlbumModel.m */ = {isa = PBXFileReference; lastKnownFileType = sourcecode.c.objc; path = VkSberAlbumModel.m; sourceTree = "<group>"; };
		7EE219AD227A594900BCDDAB /* AutomaticSwipeOperation.h */ = {isa = PBXFileReference; lastKnownFileType = sourcecode.c.h; path = AutomaticSwipeOperation.h; sourceTree = "<group>"; };
		7EE219AE227A594900BCDDAB /* AutomaticSwipeOperation.m */ = {isa = PBXFileReference; lastKnownFileType = sourcecode.c.objc; path = AutomaticSwipeOperation.m; sourceTree = "<group>"; };
		7EE219B0227A68E000BCDDAB /* CustomView.h */ = {isa = PBXFileReference; lastKnownFileType = sourcecode.c.h; path = CustomView.h; sourceTree = "<group>"; };
		7EE219B1227A68E000BCDDAB /* CustomView.m */ = {isa = PBXFileReference; lastKnownFileType = sourcecode.c.objc; path = CustomView.m; sourceTree = "<group>"; };
		7EE379272287718B00D9A7EA /* CustomView.xib */ = {isa = PBXFileReference; lastKnownFileType = file.xib; path = CustomView.xib; sourceTree = "<group>"; };
		7EE3792922885EA300D9A7EA /* VkSberFriendsRequestService.h */ = {isa = PBXFileReference; lastKnownFileType = sourcecode.c.h; path = VkSberFriendsRequestService.h; sourceTree = "<group>"; };
		7EE3792A22885EA300D9A7EA /* VkSberFriendsRequestService.m */ = {isa = PBXFileReference; lastKnownFileType = sourcecode.c.objc; path = VkSberFriendsRequestService.m; sourceTree = "<group>"; };
		7EE3792C2288753100D9A7EA /* VkSberFriendsModel.h */ = {isa = PBXFileReference; lastKnownFileType = sourcecode.c.h; path = VkSberFriendsModel.h; sourceTree = "<group>"; };
		7EE3792D2288753100D9A7EA /* VkSberFriendsModel.m */ = {isa = PBXFileReference; lastKnownFileType = sourcecode.c.objc; path = VkSberFriendsModel.m; sourceTree = "<group>"; };
		7EE3792F2288939300D9A7EA /* VkSberFriendsTableViewCell.h */ = {isa = PBXFileReference; lastKnownFileType = sourcecode.c.h; path = VkSberFriendsTableViewCell.h; sourceTree = "<group>"; };
		7EE379302288939300D9A7EA /* VkSberFriendsTableViewCell.m */ = {isa = PBXFileReference; lastKnownFileType = sourcecode.c.objc; path = VkSberFriendsTableViewCell.m; sourceTree = "<group>"; };
		7EE37932228896BA00D9A7EA /* VkSberFriendsPresenter.h */ = {isa = PBXFileReference; lastKnownFileType = sourcecode.c.h; path = VkSberFriendsPresenter.h; sourceTree = "<group>"; };
		7EE37933228896BA00D9A7EA /* VkSberFriendsPresenter.m */ = {isa = PBXFileReference; lastKnownFileType = sourcecode.c.objc; path = VkSberFriendsPresenter.m; sourceTree = "<group>"; };
		7EE37935228896D700D9A7EA /* VkSberFriendsPresenterProtocol.h */ = {isa = PBXFileReference; lastKnownFileType = sourcecode.c.h; path = VkSberFriendsPresenterProtocol.h; sourceTree = "<group>"; };
		7EE379362288A48F00D9A7EA /* VkSberFriendsAssembly.h */ = {isa = PBXFileReference; lastKnownFileType = sourcecode.c.h; path = VkSberFriendsAssembly.h; sourceTree = "<group>"; };
		7EE379372288A48F00D9A7EA /* VkSberFriendsAssembly.m */ = {isa = PBXFileReference; lastKnownFileType = sourcecode.c.objc; path = VkSberFriendsAssembly.m; sourceTree = "<group>"; };
		7EE379392288A56900D9A7EA /* VkSberFriendsViewLoadedProtocol.h */ = {isa = PBXFileReference; lastKnownFileType = sourcecode.c.h; path = VkSberFriendsViewLoadedProtocol.h; sourceTree = "<group>"; };
		7EFB95CA22843ACB004E3535 /* VkSberFriendsViewController.h */ = {isa = PBXFileReference; lastKnownFileType = sourcecode.c.h; path = VkSberFriendsViewController.h; sourceTree = "<group>"; };
		7EFB95CB22843ACB004E3535 /* VkSberFriendsViewController.m */ = {isa = PBXFileReference; lastKnownFileType = sourcecode.c.objc; path = VkSberFriendsViewController.m; sourceTree = "<group>"; };
		7EFB95CF22843AF6004E3535 /* VkSberProfileViewController.h */ = {isa = PBXFileReference; lastKnownFileType = sourcecode.c.h; path = VkSberProfileViewController.h; sourceTree = "<group>"; };
		7EFB95D022843AF6004E3535 /* VkSberProfileViewController.m */ = {isa = PBXFileReference; lastKnownFileType = sourcecode.c.objc; path = VkSberProfileViewController.m; sourceTree = "<group>"; };
		7EFB95D522843B5D004E3535 /* VkAuthService.h */ = {isa = PBXFileReference; lastKnownFileType = sourcecode.c.h; path = VkAuthService.h; sourceTree = "<group>"; };
		7EFB95D622843B5D004E3535 /* VkAuthService.m */ = {isa = PBXFileReference; lastKnownFileType = sourcecode.c.objc; path = VkAuthService.m; sourceTree = "<group>"; };
		7EFB95D922843B9C004E3535 /* NSUserDefaultsService.h */ = {isa = PBXFileReference; lastKnownFileType = sourcecode.c.h; path = NSUserDefaultsService.h; sourceTree = "<group>"; };
		7EFB95DA22843B9C004E3535 /* NSUserDefaultsService.m */ = {isa = PBXFileReference; lastKnownFileType = sourcecode.c.objc; path = NSUserDefaultsService.m; sourceTree = "<group>"; };
		7EFB95DC22843C54004E3535 /* VKSberAuthViewController.h */ = {isa = PBXFileReference; lastKnownFileType = sourcecode.c.h; path = VKSberAuthViewController.h; sourceTree = "<group>"; };
		7EFB95DD22843C54004E3535 /* VKSberAuthViewController.m */ = {isa = PBXFileReference; lastKnownFileType = sourcecode.c.objc; path = VKSberAuthViewController.m; sourceTree = "<group>"; };
		7EFB95DF22843CBC004E3535 /* VkSberUserInfoService.h */ = {isa = PBXFileReference; lastKnownFileType = sourcecode.c.h; path = VkSberUserInfoService.h; sourceTree = "<group>"; };
		7EFB95E022843CBC004E3535 /* VkSberUserInfoService.m */ = {isa = PBXFileReference; lastKnownFileType = sourcecode.c.objc; path = VkSberUserInfoService.m; sourceTree = "<group>"; };
		7EFB95E322843CF8004E3535 /* NetworkHelper.h */ = {isa = PBXFileReference; lastKnownFileType = sourcecode.c.h; path = NetworkHelper.h; sourceTree = "<group>"; };
		7EFB95E422843CF8004E3535 /* NetworkHelper.m */ = {isa = PBXFileReference; lastKnownFileType = sourcecode.c.objc; path = NetworkHelper.m; sourceTree = "<group>"; };
		7EFB95E622843D1A004E3535 /* NetworkService.h */ = {isa = PBXFileReference; lastKnownFileType = sourcecode.c.h; path = NetworkService.h; sourceTree = "<group>"; };
		7EFB95E722843D1A004E3535 /* NetworkService.m */ = {isa = PBXFileReference; lastKnownFileType = sourcecode.c.objc; path = NetworkService.m; sourceTree = "<group>"; };
		7EFB95EA22843D49004E3535 /* Constant.h */ = {isa = PBXFileReference; lastKnownFileType = sourcecode.c.h; path = Constant.h; sourceTree = "<group>"; };
		7EFB95EB22843D49004E3535 /* Constant.m */ = {isa = PBXFileReference; lastKnownFileType = sourcecode.c.objc; path = Constant.m; sourceTree = "<group>"; };
		7EFB95ED228493F8004E3535 /* VkSberCustomUILabel.h */ = {isa = PBXFileReference; lastKnownFileType = sourcecode.c.h; path = VkSberCustomUILabel.h; sourceTree = "<group>"; };
		7EFB95EE228493F8004E3535 /* VkSberCustomUILabel.m */ = {isa = PBXFileReference; lastKnownFileType = sourcecode.c.objc; path = VkSberCustomUILabel.m; sourceTree = "<group>"; };
/* End PBXFileReference section */

/* Begin PBXFrameworksBuildPhase section */
		1F1763F6224032380085818C /* Frameworks */ = {
			isa = PBXFrameworksBuildPhase;
			buildActionMask = 2147483647;
			files = (
			);
			runOnlyForDeploymentPostprocessing = 0;
		};
		1F1764112240323B0085818C /* Frameworks */ = {
			isa = PBXFrameworksBuildPhase;
			buildActionMask = 2147483647;
			files = (
			);
			runOnlyForDeploymentPostprocessing = 0;
		};
/* End PBXFrameworksBuildPhase section */

/* Begin PBXGroup section */
		1F1763F0224032380085818C = {
			isa = PBXGroup;
			children = (
				1F1763FB224032380085818C /* VKSberSchool */,
				1F1764172240323B0085818C /* VKSberSchoolTests */,
				1F1763FA224032380085818C /* Products */,
			);
			sourceTree = "<group>";
		};
		1F1763FA224032380085818C /* Products */ = {
			isa = PBXGroup;
			children = (
				1F1763F9224032380085818C /* VKSberSchool.app */,
				1F1764142240323B0085818C /* VKSberSchoolTests.xctest */,
			);
			name = Products;
			sourceTree = "<group>";
		};
		1F1763FB224032380085818C /* VKSberSchool */ = {
			isa = PBXGroup;
			children = (
				7EBE7CA022871FC100E3B421 /* VkSberAlbum */,
				7EFB95CD22843ACF004E3535 /* VkSberFriends */,
				7EFB95D322843B18004E3535 /* VkSberMyProfile */,
				7EFB95D222843B06004E3535 /* Common */,
				1F176426224032880085818C /* Custom Views */,
				1F1763FC224032380085818C /* AppDelegate.h */,
				1F1763FD224032380085818C /* AppDelegate.m */,
				1F1764082240323B0085818C /* Assets.xcassets */,
				1F17640A2240323B0085818C /* LaunchScreen.storyboard */,
				1F17640D2240323B0085818C /* Info.plist */,
				1F17640E2240323B0085818C /* main.m */,
				1F176405224032380085818C /* VKSberSchool.xcdatamodeld */,
				1F17642D22403FBD0085818C /* VKSberSchool-Bridging-Header.h */,
			);
			path = VKSberSchool;
			sourceTree = "<group>";
		};
		1F1764172240323B0085818C /* VKSberSchoolTests */ = {
			isa = PBXGroup;
			children = (
				1F17641A2240323B0085818C /* Info.plist */,
				1F1764182240323B0085818C /* VKSberSchoolTests.m */,
			);
			path = VKSberSchoolTests;
			sourceTree = "<group>";
		};
		1F176426224032880085818C /* Custom Views */ = {
			isa = PBXGroup;
			children = (
				7EE379432288AF6C00D9A7EA /* VkSberSwipableView */,
				1F17642722403C4D0085818C /* interfaces */,
				7EFB95ED228493F8004E3535 /* VkSberCustomUILabel.h */,
				7EFB95EE228493F8004E3535 /* VkSberCustomUILabel.m */,
				7EBE7C9822862C4F00E3B421 /* VkSberEmptyLoadingView.h */,
				7EBE7C9922862C4F00E3B421 /* VkSberEmptyLoadingView.m */,
			);
			path = "Custom Views";
			sourceTree = "<group>";
		};
		1F17642722403C4D0085818C /* interfaces */ = {
			isa = PBXGroup;
			children = (
				1F17642822403C640085818C /* SwipableViewsDataSource.h */,
				1F17642922403CFA0085818C /* SwipableViewsDelegate.h */,
			);
			path = interfaces;
			sourceTree = "<group>";
		};
		7EBE7CA022871FC100E3B421 /* VkSberAlbum */ = {
			isa = PBXGroup;
			children = (
				7EE219B0227A68E000BCDDAB /* CustomView.h */,
				7EE219B1227A68E000BCDDAB /* CustomView.m */,
				7EE379272287718B00D9A7EA /* CustomView.xib */,
				7EBE7CA122871FE200E3B421 /* VkSberPhotoAlbumViewController.h */,
				7EBE7CA222871FE200E3B421 /* VkSberPhotoAlbumViewController.m */,
				7EBE7CA4228721BB00E3B421 /* VkSberAlbumModel.h */,
				7EBE7CA5228721BB00E3B421 /* VkSberAlbumModel.m */,
			);
			path = VkSberAlbum;
			sourceTree = "<group>";
		};
		7EE3793A2288AEBB00D9A7EA /* view */ = {
			isa = PBXGroup;
			children = (
				7EE3792F2288939300D9A7EA /* VkSberFriendsTableViewCell.h */,
				7EE379302288939300D9A7EA /* VkSberFriendsTableViewCell.m */,
				7EFB95CA22843ACB004E3535 /* VkSberFriendsViewController.h */,
				7EFB95CB22843ACB004E3535 /* VkSberFriendsViewController.m */,
			);
			path = view;
			sourceTree = "<group>";
		};
		7EE3793B2288AEC600D9A7EA /* protocols */ = {
			isa = PBXGroup;
			children = (
				7EE37935228896D700D9A7EA /* VkSberFriendsPresenterProtocol.h */,
				7EE379392288A56900D9A7EA /* VkSberFriendsViewLoadedProtocol.h */,
			);
			path = protocols;
			sourceTree = "<group>";
		};
		7EE3793C2288AED000D9A7EA /* Presenter */ = {
			isa = PBXGroup;
			children = (
				7EE37932228896BA00D9A7EA /* VkSberFriendsPresenter.h */,
				7EE37933228896BA00D9A7EA /* VkSberFriendsPresenter.m */,
			);
			path = Presenter;
			sourceTree = "<group>";
		};
		7EE3793D2288AEDC00D9A7EA /* Model */ = {
			isa = PBXGroup;
			children = (
				7EE3792C2288753100D9A7EA /* VkSberFriendsModel.h */,
				7EE3792D2288753100D9A7EA /* VkSberFriendsModel.m */,
			);
			path = Model;
			sourceTree = "<group>";
		};
		7EE3793E2288AEEF00D9A7EA /* Assembly */ = {
			isa = PBXGroup;
			children = (
				7EE379362288A48F00D9A7EA /* VkSberFriendsAssembly.h */,
				7EE379372288A48F00D9A7EA /* VkSberFriendsAssembly.m */,
			);
			path = Assembly;
			sourceTree = "<group>";
		};
		7EE3793F2288AF0400D9A7EA /* View */ = {
			isa = PBXGroup;
			children = (
				7EFB95CF22843AF6004E3535 /* VkSberProfileViewController.h */,
				7EFB95D022843AF6004E3535 /* VkSberProfileViewController.m */,
			);
			path = View;
			sourceTree = "<group>";
		};
		7EE379402288AF0A00D9A7EA /* Presenter */ = {
			isa = PBXGroup;
			children = (
				7EBE7C922285FDEF00E3B421 /* VkSberProfilePresenter.h */,
				7EBE7C932285FDEF00E3B421 /* VkSberProfilePresenter.m */,
			);
			path = Presenter;
			sourceTree = "<group>";
		};
		7EE379412288AF1200D9A7EA /* Model */ = {
			isa = PBXGroup;
			children = (
				7EBE7C952285FE0200E3B421 /* VkSberProfileModel.h */,
				7EBE7C962285FE0200E3B421 /* VkSberProfileModel.m */,
			);
			path = Model;
			sourceTree = "<group>";
		};
		7EE379422288AF1A00D9A7EA /* Protocols */ = {
			isa = PBXGroup;
			children = (
				7EBE7C9B228630C300E3B421 /* VkSberProfilePresenterProtocol.h */,
			);
			path = Protocols;
			sourceTree = "<group>";
		};
		7EE379432288AF6C00D9A7EA /* VkSberSwipableView */ = {
			isa = PBXGroup;
			children = (
				1F17642A22403E330085818C /* VKSBSwipableView.h */,
				1F17642B22403E330085818C /* VKSBSwipableView.m */,
				7EE219AD227A594900BCDDAB /* AutomaticSwipeOperation.h */,
				7EE219AE227A594900BCDDAB /* AutomaticSwipeOperation.m */,
			);
			path = VkSberSwipableView;
			sourceTree = "<group>";
		};
		7EE379442288AFDB00D9A7EA /* Extension */ = {
			isa = PBXGroup;
			children = (
				7EBE7C9C22863F7A00E3B421 /* UIImageView+AsyncDownload.h */,
				7EBE7C9D22863F7A00E3B421 /* UIImageView+AsyncDownload.m */,
			);
			path = Extension;
			sourceTree = "<group>";
		};
		7EFB95CD22843ACF004E3535 /* VkSberFriends */ = {
			isa = PBXGroup;
			children = (
				7EE3793E2288AEEF00D9A7EA /* Assembly */,
				7EE3793D2288AEDC00D9A7EA /* Model */,
				7EE3793C2288AED000D9A7EA /* Presenter */,
				7EE3793B2288AEC600D9A7EA /* protocols */,
				7EE3793A2288AEBB00D9A7EA /* view */,
			);
			path = VkSberFriends;
			sourceTree = "<group>";
		};
		7EFB95D222843B06004E3535 /* Common */ = {
			isa = PBXGroup;
			children = (
				7EE379442288AFDB00D9A7EA /* Extension */,
				7EFB95E922843D3A004E3535 /* Constant */,
				7EFB95D822843B89004E3535 /* Services */,
				7EFB95D422843B4B004E3535 /* Auth */,
			);
			path = Common;
			sourceTree = "<group>";
		};
		7EFB95D322843B18004E3535 /* VkSberMyProfile */ = {
			isa = PBXGroup;
			children = (
				7EE379422288AF1A00D9A7EA /* Protocols */,
				7EE379412288AF1200D9A7EA /* Model */,
				7EE379402288AF0A00D9A7EA /* Presenter */,
				7EE3793F2288AF0400D9A7EA /* View */,
			);
			path = VkSberMyProfile;
			sourceTree = "<group>";
		};
		7EFB95D422843B4B004E3535 /* Auth */ = {
			isa = PBXGroup;
			children = (
				7EFB95D522843B5D004E3535 /* VkAuthService.h */,
				7EFB95D622843B5D004E3535 /* VkAuthService.m */,
				7EFB95DC22843C54004E3535 /* VKSberAuthViewController.h */,
				7EFB95DD22843C54004E3535 /* VKSberAuthViewController.m */,
			);
			path = Auth;
			sourceTree = "<group>";
		};
		7EFB95D822843B89004E3535 /* Services */ = {
			isa = PBXGroup;
			children = (
				7EFB95E222843CE8004E3535 /* NetworkService */,
				7EFB95D922843B9C004E3535 /* NSUserDefaultsService.h */,
				7EFB95DA22843B9C004E3535 /* NSUserDefaultsService.m */,
				7EFB95DF22843CBC004E3535 /* VkSberUserInfoService.h */,
				7EFB95E022843CBC004E3535 /* VkSberUserInfoService.m */,
				7EBE7C892284E12100E3B421 /* VkSberPhotosRequestService.h */,
				7EBE7C8A2284E12100E3B421 /* VkSberPhotosRequestService.m */,
				7EE3792922885EA300D9A7EA /* VkSberFriendsRequestService.h */,
				7EE3792A22885EA300D9A7EA /* VkSberFriendsRequestService.m */,
			);
			path = Services;
			sourceTree = "<group>";
		};
		7EFB95E222843CE8004E3535 /* NetworkService */ = {
			isa = PBXGroup;
			children = (
				7EFB95E322843CF8004E3535 /* NetworkHelper.h */,
				7EFB95E422843CF8004E3535 /* NetworkHelper.m */,
				7EFB95E622843D1A004E3535 /* NetworkService.h */,
				7EFB95E722843D1A004E3535 /* NetworkService.m */,
			);
			path = NetworkService;
			sourceTree = "<group>";
		};
		7EFB95E922843D3A004E3535 /* Constant */ = {
			isa = PBXGroup;
			children = (
				7EFB95EA22843D49004E3535 /* Constant.h */,
				7EFB95EB22843D49004E3535 /* Constant.m */,
			);
			path = Constant;
			sourceTree = "<group>";
		};
/* End PBXGroup section */

/* Begin PBXNativeTarget section */
		1F1763F8224032380085818C /* VKSberSchool */ = {
			isa = PBXNativeTarget;
			buildConfigurationList = 1F17641D2240323B0085818C /* Build configuration list for PBXNativeTarget "VKSberSchool" */;
			buildPhases = (
				1F1763F5224032380085818C /* Sources */,
				1F1763F6224032380085818C /* Frameworks */,
				1F1763F7224032380085818C /* Resources */,
			);
			buildRules = (
			);
			dependencies = (
			);
			name = VKSberSchool;
			productName = VKSberSchool;
			productReference = 1F1763F9224032380085818C /* VKSberSchool.app */;
			productType = "com.apple.product-type.application";
		};
		1F1764132240323B0085818C /* VKSberSchoolTests */ = {
			isa = PBXNativeTarget;
			buildConfigurationList = 1F1764202240323B0085818C /* Build configuration list for PBXNativeTarget "VKSberSchoolTests" */;
			buildPhases = (
				1F1764102240323B0085818C /* Sources */,
				1F1764112240323B0085818C /* Frameworks */,
				1F1764122240323B0085818C /* Resources */,
			);
			buildRules = (
			);
			dependencies = (
				1F1764162240323B0085818C /* PBXTargetDependency */,
			);
			name = VKSberSchoolTests;
			productName = VKSberSchoolTests;
			productReference = 1F1764142240323B0085818C /* VKSberSchoolTests.xctest */;
			productType = "com.apple.product-type.bundle.unit-test";
		};
/* End PBXNativeTarget section */

/* Begin PBXProject section */
		1F1763F1224032380085818C /* Project object */ = {
			isa = PBXProject;
			attributes = {
				LastUpgradeCheck = 1020;
				ORGANIZATIONNAME = "Александр";
				TargetAttributes = {
					1F1763F8224032380085818C = {
						CreatedOnToolsVersion = 10.1;
						LastSwiftMigration = 1010;
					};
					1F1764132240323B0085818C = {
						CreatedOnToolsVersion = 10.1;
						TestTargetID = 1F1763F8224032380085818C;
					};
				};
			};
			buildConfigurationList = 1F1763F4224032380085818C /* Build configuration list for PBXProject "VKSberSchool" */;
			compatibilityVersion = "Xcode 9.3";
			developmentRegion = en;
			hasScannedForEncodings = 0;
			knownRegions = (
				en,
				Base,
			);
			mainGroup = 1F1763F0224032380085818C;
			productRefGroup = 1F1763FA224032380085818C /* Products */;
			projectDirPath = "";
			projectRoot = "";
			targets = (
				1F1763F8224032380085818C /* VKSberSchool */,
				1F1764132240323B0085818C /* VKSberSchoolTests */,
			);
		};
/* End PBXProject section */

/* Begin PBXResourcesBuildPhase section */
		1F1763F7224032380085818C /* Resources */ = {
			isa = PBXResourcesBuildPhase;
			buildActionMask = 2147483647;
			files = (
				1F17640C2240323B0085818C /* LaunchScreen.storyboard in Resources */,
				1F1764092240323B0085818C /* Assets.xcassets in Resources */,
				7EE379282287718B00D9A7EA /* CustomView.xib in Resources */,
			);
			runOnlyForDeploymentPostprocessing = 0;
		};
		1F1764122240323B0085818C /* Resources */ = {
			isa = PBXResourcesBuildPhase;
			buildActionMask = 2147483647;
			files = (
			);
			runOnlyForDeploymentPostprocessing = 0;
		};
/* End PBXResourcesBuildPhase section */

/* Begin PBXSourcesBuildPhase section */
		1F1763F5224032380085818C /* Sources */ = {
			isa = PBXSourcesBuildPhase;
			buildActionMask = 2147483647;
			files = (
				7EFB95E122843CBC004E3535 /* VkSberUserInfoService.m in Sources */,
				7EE219AF227A594A00BCDDAB /* AutomaticSwipeOperation.m in Sources */,
				7EE379312288939300D9A7EA /* VkSberFriendsTableViewCell.m in Sources */,
				7EE3792B22885EA300D9A7EA /* VkSberFriendsRequestService.m in Sources */,
				7EFB95D122843AF6004E3535 /* VkSberProfileViewController.m in Sources */,
				7EBE7CA6228721BB00E3B421 /* VkSberAlbumModel.m in Sources */,
				7EE379382288A48F00D9A7EA /* VkSberFriendsAssembly.m in Sources */,
				1F176407224032380085818C /* VKSberSchool.xcdatamodeld in Sources */,
				7EE3792E2288753100D9A7EA /* VkSberFriendsModel.m in Sources */,
				7EBE7C972285FE0200E3B421 /* VkSberProfileModel.m in Sources */,
				7EFB95E822843D1A004E3535 /* NetworkService.m in Sources */,
				7EFB95E522843CF8004E3535 /* NetworkHelper.m in Sources */,
				7EFB95EF228493F8004E3535 /* VkSberCustomUILabel.m in Sources */,
				7EBE7CA322871FE200E3B421 /* VkSberPhotoAlbumViewController.m in Sources */,
				7EBE7C942285FDEF00E3B421 /* VkSberProfilePresenter.m in Sources */,
				7EBE7C8B2284E12100E3B421 /* VkSberPhotosRequestService.m in Sources */,
				7EE37934228896BA00D9A7EA /* VkSberFriendsPresenter.m in Sources */,
				1F17640F2240323B0085818C /* main.m in Sources */,
				7EE219B2227A68E000BCDDAB /* CustomView.m in Sources */,
				7EBE7C9A22862C4F00E3B421 /* VkSberEmptyLoadingView.m in Sources */,
				1F17642C22403E330085818C /* VKSBSwipableView.m in Sources */,
				7EFB95DE22843C54004E3535 /* VKSberAuthViewController.m in Sources */,
				1F1763FE224032380085818C /* AppDelegate.m in Sources */,
				7EFB95D722843B5D004E3535 /* VkAuthService.m in Sources */,
				7EBE7C9E22863F7A00E3B421 /* UIImageView+AsyncDownload.m in Sources */,
				7EFB95CC22843ACB004E3535 /* VkSberFriendsViewController.m in Sources */,
				7EFB95DB22843B9C004E3535 /* NSUserDefaultsService.m in Sources */,
				7EFB95EC22843D49004E3535 /* Constant.m in Sources */,
			);
			runOnlyForDeploymentPostprocessing = 0;
		};
		1F1764102240323B0085818C /* Sources */ = {
			isa = PBXSourcesBuildPhase;
			buildActionMask = 2147483647;
			files = (
				1F1764192240323B0085818C /* VKSberSchoolTests.m in Sources */,
			);
			runOnlyForDeploymentPostprocessing = 0;
		};
/* End PBXSourcesBuildPhase section */

/* Begin PBXTargetDependency section */
		1F1764162240323B0085818C /* PBXTargetDependency */ = {
			isa = PBXTargetDependency;
			target = 1F1763F8224032380085818C /* VKSberSchool */;
			targetProxy = 1F1764152240323B0085818C /* PBXContainerItemProxy */;
		};
/* End PBXTargetDependency section */

/* Begin PBXVariantGroup section */
		1F17640A2240323B0085818C /* LaunchScreen.storyboard */ = {
			isa = PBXVariantGroup;
			children = (
				1F17640B2240323B0085818C /* Base */,
			);
			name = LaunchScreen.storyboard;
			sourceTree = "<group>";
		};
/* End PBXVariantGroup section */

/* Begin XCBuildConfiguration section */
		1F17641B2240323B0085818C /* Debug */ = {
			isa = XCBuildConfiguration;
			buildSettings = {
				ALWAYS_SEARCH_USER_PATHS = NO;
				CLANG_ANALYZER_NONNULL = YES;
				CLANG_ANALYZER_NUMBER_OBJECT_CONVERSION = YES_AGGRESSIVE;
				CLANG_CXX_LANGUAGE_STANDARD = "gnu++14";
				CLANG_CXX_LIBRARY = "libc++";
				CLANG_ENABLE_MODULES = YES;
				CLANG_ENABLE_OBJC_ARC = YES;
				CLANG_ENABLE_OBJC_WEAK = YES;
				CLANG_WARN_BLOCK_CAPTURE_AUTORELEASING = YES;
				CLANG_WARN_BOOL_CONVERSION = YES;
				CLANG_WARN_COMMA = YES;
				CLANG_WARN_CONSTANT_CONVERSION = YES;
				CLANG_WARN_DEPRECATED_OBJC_IMPLEMENTATIONS = YES;
				CLANG_WARN_DIRECT_OBJC_ISA_USAGE = YES_ERROR;
				CLANG_WARN_DOCUMENTATION_COMMENTS = YES;
				CLANG_WARN_EMPTY_BODY = YES;
				CLANG_WARN_ENUM_CONVERSION = YES;
				CLANG_WARN_INFINITE_RECURSION = YES;
				CLANG_WARN_INT_CONVERSION = YES;
				CLANG_WARN_NON_LITERAL_NULL_CONVERSION = YES;
				CLANG_WARN_OBJC_IMPLICIT_RETAIN_SELF = YES;
				CLANG_WARN_OBJC_LITERAL_CONVERSION = YES;
				CLANG_WARN_OBJC_ROOT_CLASS = YES_ERROR;
				CLANG_WARN_RANGE_LOOP_ANALYSIS = YES;
				CLANG_WARN_STRICT_PROTOTYPES = YES;
				CLANG_WARN_SUSPICIOUS_MOVE = YES;
				CLANG_WARN_UNGUARDED_AVAILABILITY = YES_AGGRESSIVE;
				CLANG_WARN_UNREACHABLE_CODE = YES;
				CLANG_WARN__DUPLICATE_METHOD_MATCH = YES;
				CODE_SIGN_IDENTITY = "iPhone Developer";
				COPY_PHASE_STRIP = NO;
				DEBUG_INFORMATION_FORMAT = dwarf;
				ENABLE_STRICT_OBJC_MSGSEND = YES;
				ENABLE_TESTABILITY = YES;
				GCC_C_LANGUAGE_STANDARD = gnu11;
				GCC_DYNAMIC_NO_PIC = NO;
				GCC_NO_COMMON_BLOCKS = YES;
				GCC_OPTIMIZATION_LEVEL = 0;
				GCC_PREPROCESSOR_DEFINITIONS = (
					"DEBUG=1",
					"$(inherited)",
				);
				GCC_WARN_64_TO_32_BIT_CONVERSION = YES;
				GCC_WARN_ABOUT_RETURN_TYPE = YES_ERROR;
				GCC_WARN_UNDECLARED_SELECTOR = YES;
				GCC_WARN_UNINITIALIZED_AUTOS = YES_AGGRESSIVE;
				GCC_WARN_UNUSED_FUNCTION = YES;
				GCC_WARN_UNUSED_VARIABLE = YES;
				IPHONEOS_DEPLOYMENT_TARGET = 12.1;
				MTL_ENABLE_DEBUG_INFO = INCLUDE_SOURCE;
				MTL_FAST_MATH = YES;
				ONLY_ACTIVE_ARCH = YES;
				SDKROOT = iphoneos;
			};
			name = Debug;
		};
		1F17641C2240323B0085818C /* Release */ = {
			isa = XCBuildConfiguration;
			buildSettings = {
				ALWAYS_SEARCH_USER_PATHS = NO;
				CLANG_ANALYZER_NONNULL = YES;
				CLANG_ANALYZER_NUMBER_OBJECT_CONVERSION = YES_AGGRESSIVE;
				CLANG_CXX_LANGUAGE_STANDARD = "gnu++14";
				CLANG_CXX_LIBRARY = "libc++";
				CLANG_ENABLE_MODULES = YES;
				CLANG_ENABLE_OBJC_ARC = YES;
				CLANG_ENABLE_OBJC_WEAK = YES;
				CLANG_WARN_BLOCK_CAPTURE_AUTORELEASING = YES;
				CLANG_WARN_BOOL_CONVERSION = YES;
				CLANG_WARN_COMMA = YES;
				CLANG_WARN_CONSTANT_CONVERSION = YES;
				CLANG_WARN_DEPRECATED_OBJC_IMPLEMENTATIONS = YES;
				CLANG_WARN_DIRECT_OBJC_ISA_USAGE = YES_ERROR;
				CLANG_WARN_DOCUMENTATION_COMMENTS = YES;
				CLANG_WARN_EMPTY_BODY = YES;
				CLANG_WARN_ENUM_CONVERSION = YES;
				CLANG_WARN_INFINITE_RECURSION = YES;
				CLANG_WARN_INT_CONVERSION = YES;
				CLANG_WARN_NON_LITERAL_NULL_CONVERSION = YES;
				CLANG_WARN_OBJC_IMPLICIT_RETAIN_SELF = YES;
				CLANG_WARN_OBJC_LITERAL_CONVERSION = YES;
				CLANG_WARN_OBJC_ROOT_CLASS = YES_ERROR;
				CLANG_WARN_RANGE_LOOP_ANALYSIS = YES;
				CLANG_WARN_STRICT_PROTOTYPES = YES;
				CLANG_WARN_SUSPICIOUS_MOVE = YES;
				CLANG_WARN_UNGUARDED_AVAILABILITY = YES_AGGRESSIVE;
				CLANG_WARN_UNREACHABLE_CODE = YES;
				CLANG_WARN__DUPLICATE_METHOD_MATCH = YES;
				CODE_SIGN_IDENTITY = "iPhone Developer";
				COPY_PHASE_STRIP = NO;
				DEBUG_INFORMATION_FORMAT = "dwarf-with-dsym";
				ENABLE_NS_ASSERTIONS = NO;
				ENABLE_STRICT_OBJC_MSGSEND = YES;
				GCC_C_LANGUAGE_STANDARD = gnu11;
				GCC_NO_COMMON_BLOCKS = YES;
				GCC_WARN_64_TO_32_BIT_CONVERSION = YES;
				GCC_WARN_ABOUT_RETURN_TYPE = YES_ERROR;
				GCC_WARN_UNDECLARED_SELECTOR = YES;
				GCC_WARN_UNINITIALIZED_AUTOS = YES_AGGRESSIVE;
				GCC_WARN_UNUSED_FUNCTION = YES;
				GCC_WARN_UNUSED_VARIABLE = YES;
				IPHONEOS_DEPLOYMENT_TARGET = 12.1;
				MTL_ENABLE_DEBUG_INFO = NO;
				MTL_FAST_MATH = YES;
				SDKROOT = iphoneos;
				SWIFT_COMPILATION_MODE = wholemodule;
				VALIDATE_PRODUCT = YES;
			};
			name = Release;
		};
		1F17641E2240323B0085818C /* Debug */ = {
			isa = XCBuildConfiguration;
			buildSettings = {
				ASSETCATALOG_COMPILER_APPICON_NAME = AppIcon;
				CLANG_ENABLE_MODULES = YES;
				CODE_SIGN_STYLE = Automatic;
				DEVELOPMENT_TEAM = 8BTLC392EH;
				INFOPLIST_FILE = VKSberSchool/Info.plist;
				LD_RUNPATH_SEARCH_PATHS = (
					"$(inherited)",
					"@executable_path/Frameworks",
				);
				PRODUCT_BUNDLE_IDENTIFIER = Aplana.VKSberSchool;
				PRODUCT_NAME = "$(TARGET_NAME)";
				SWIFT_OBJC_BRIDGING_HEADER = "VKSberSchool/VKSberSchool-Bridging-Header.h";
				SWIFT_OPTIMIZATION_LEVEL = "-Onone";
				SWIFT_VERSION = 4.2;
				TARGETED_DEVICE_FAMILY = "1,2";
			};
			name = Debug;
		};
		1F17641F2240323B0085818C /* Release */ = {
			isa = XCBuildConfiguration;
			buildSettings = {
				ASSETCATALOG_COMPILER_APPICON_NAME = AppIcon;
				CLANG_ENABLE_MODULES = YES;
				CODE_SIGN_STYLE = Automatic;
				DEVELOPMENT_TEAM = 8BTLC392EH;
				INFOPLIST_FILE = VKSberSchool/Info.plist;
				LD_RUNPATH_SEARCH_PATHS = (
					"$(inherited)",
					"@executable_path/Frameworks",
				);
				PRODUCT_BUNDLE_IDENTIFIER = Aplana.VKSberSchool;
				PRODUCT_NAME = "$(TARGET_NAME)";
				SWIFT_OBJC_BRIDGING_HEADER = "VKSberSchool/VKSberSchool-Bridging-Header.h";
				SWIFT_VERSION = 4.2;
				TARGETED_DEVICE_FAMILY = "1,2";
			};
			name = Release;
		};
		1F1764212240323B0085818C /* Debug */ = {
			isa = XCBuildConfiguration;
			buildSettings = {
				BUNDLE_LOADER = "$(TEST_HOST)";
				CODE_SIGN_STYLE = Automatic;
				INFOPLIST_FILE = VKSberSchoolTests/Info.plist;
				LD_RUNPATH_SEARCH_PATHS = (
					"$(inherited)",
					"@executable_path/Frameworks",
					"@loader_path/Frameworks",
				);
				PRODUCT_BUNDLE_IDENTIFIER = Aplana.VKSberSchoolTests;
				PRODUCT_NAME = "$(TARGET_NAME)";
				TARGETED_DEVICE_FAMILY = "1,2";
				TEST_HOST = "$(BUILT_PRODUCTS_DIR)/VKSberSchool.app/VKSberSchool";
			};
			name = Debug;
		};
		1F1764222240323B0085818C /* Release */ = {
			isa = XCBuildConfiguration;
			buildSettings = {
				BUNDLE_LOADER = "$(TEST_HOST)";
				CODE_SIGN_STYLE = Automatic;
				INFOPLIST_FILE = VKSberSchoolTests/Info.plist;
				LD_RUNPATH_SEARCH_PATHS = (
					"$(inherited)",
					"@executable_path/Frameworks",
					"@loader_path/Frameworks",
				);
				PRODUCT_BUNDLE_IDENTIFIER = Aplana.VKSberSchoolTests;
				PRODUCT_NAME = "$(TARGET_NAME)";
				TARGETED_DEVICE_FAMILY = "1,2";
				TEST_HOST = "$(BUILT_PRODUCTS_DIR)/VKSberSchool.app/VKSberSchool";
			};
			name = Release;
		};
/* End XCBuildConfiguration section */

/* Begin XCConfigurationList section */
		1F1763F4224032380085818C /* Build configuration list for PBXProject "VKSberSchool" */ = {
			isa = XCConfigurationList;
			buildConfigurations = (
				1F17641B2240323B0085818C /* Debug */,
				1F17641C2240323B0085818C /* Release */,
			);
			defaultConfigurationIsVisible = 0;
			defaultConfigurationName = Release;
		};
		1F17641D2240323B0085818C /* Build configuration list for PBXNativeTarget "VKSberSchool" */ = {
			isa = XCConfigurationList;
			buildConfigurations = (
				1F17641E2240323B0085818C /* Debug */,
				1F17641F2240323B0085818C /* Release */,
			);
			defaultConfigurationIsVisible = 0;
			defaultConfigurationName = Release;
		};
		1F1764202240323B0085818C /* Build configuration list for PBXNativeTarget "VKSberSchoolTests" */ = {
			isa = XCConfigurationList;
			buildConfigurations = (
				1F1764212240323B0085818C /* Debug */,
				1F1764222240323B0085818C /* Release */,
			);
			defaultConfigurationIsVisible = 0;
			defaultConfigurationName = Release;
		};
/* End XCConfigurationList section */

/* Begin XCVersionGroup section */
		1F176405224032380085818C /* VKSberSchool.xcdatamodeld */ = {
			isa = XCVersionGroup;
			children = (
				1F176406224032380085818C /* VKSberSchool.xcdatamodel */,
			);
			currentVersion = 1F176406224032380085818C /* VKSberSchool.xcdatamodel */;
			path = VKSberSchool.xcdatamodeld;
			sourceTree = "<group>";
			versionGroupType = wrapper.xcdatamodel;
		};
/* End XCVersionGroup section */
	};
	rootObject = 1F1763F1224032380085818C /* Project object */;
}
